
Microsoft Visual Studio Solution File, Format Version 12.00
# Visual Studio 2012
Project("{8BC9CEB8-8B4A-11D0-8D11-00A0C91BC942}") = "xray-tie", "xray-tie\xray-tie.vcxproj", "{3463B2F8-2FB9-4B6F-B21D-45714729343C}"
EndProject
Global
	GlobalSection(SolutionConfigurationPlatforms) = preSolution
		Debug|Win32 = Debug|Win32
		Debug|x64 = Debug|x64
		Release|Win32 = Release|Win32
		Release|x64 = Release|x64
<<<<<<< HEAD
		Seven|Win32 = Seven|Win32
		Seven|x64 = Seven|x64
		Six|Win32 = Six|Win32
		Six|x64 = Six|x64
=======
>>>>>>> bf31d68f9ba4f08251c11785798d5cf592377dae
	EndGlobalSection
	GlobalSection(ProjectConfigurationPlatforms) = postSolution
		{3463B2F8-2FB9-4B6F-B21D-45714729343C}.Debug|Win32.ActiveCfg = Debug|Win32
		{3463B2F8-2FB9-4B6F-B21D-45714729343C}.Debug|Win32.Build.0 = Debug|Win32
<<<<<<< HEAD
		{3463B2F8-2FB9-4B6F-B21D-45714729343C}.Debug|x64.ActiveCfg = Debug|x64
		{3463B2F8-2FB9-4B6F-B21D-45714729343C}.Debug|x64.Build.0 = Debug|x64
=======
		{3463B2F8-2FB9-4B6F-B21D-45714729343C}.Debug|x64.ActiveCfg = Debug|Win32
		{3463B2F8-2FB9-4B6F-B21D-45714729343C}.Debug|x64.Build.0 = Debug|Win32
>>>>>>> bf31d68f9ba4f08251c11785798d5cf592377dae
		{3463B2F8-2FB9-4B6F-B21D-45714729343C}.Release|Win32.ActiveCfg = Release|Win32
		{3463B2F8-2FB9-4B6F-B21D-45714729343C}.Release|Win32.Build.0 = Release|Win32
		{3463B2F8-2FB9-4B6F-B21D-45714729343C}.Release|x64.ActiveCfg = Release|x64
		{3463B2F8-2FB9-4B6F-B21D-45714729343C}.Release|x64.Build.0 = Release|x64
<<<<<<< HEAD
		{3463B2F8-2FB9-4B6F-B21D-45714729343C}.Seven|Win32.ActiveCfg = Seven|Win32
		{3463B2F8-2FB9-4B6F-B21D-45714729343C}.Seven|Win32.Build.0 = Seven|Win32
		{3463B2F8-2FB9-4B6F-B21D-45714729343C}.Seven|x64.ActiveCfg = Seven|x64
		{3463B2F8-2FB9-4B6F-B21D-45714729343C}.Seven|x64.Build.0 = Seven|x64
		{3463B2F8-2FB9-4B6F-B21D-45714729343C}.Six|Win32.ActiveCfg = Six|Win32
		{3463B2F8-2FB9-4B6F-B21D-45714729343C}.Six|Win32.Build.0 = Six|Win32
		{3463B2F8-2FB9-4B6F-B21D-45714729343C}.Six|x64.ActiveCfg = Six|x64
		{3463B2F8-2FB9-4B6F-B21D-45714729343C}.Six|x64.Build.0 = Six|x64
=======
>>>>>>> bf31d68f9ba4f08251c11785798d5cf592377dae
	EndGlobalSection
	GlobalSection(SolutionProperties) = preSolution
		HideSolutionNode = FALSE
	EndGlobalSection
EndGlobal
